
Microsoft Visual Studio Solution File, Format Version 12.00
# Visual Studio Version 16
VisualStudioVersion = 16.0.34031.81
MinimumVisualStudioVersion = 10.0.40219.1
Project("{2150E333-8FDC-42A3-9474-1A3956D46DE8}") = "Task0", "Task0", "{305E408D-F11D-437A-87C7-DFE82739262F}"
EndProject
Project("{FAE04EC0-301F-11D3-BF4B-00C04F79EFBC}") = "Tiuiu.SikachevaEA.Sprint6.Task0.V6.Lib", "Tiuiu.SikachevaEA.Sprint6.Task0.V6.Lib\Tiuiu.SikachevaEA.Sprint6.Task0.V6.Lib.csproj", "{EB1ADB96-4891-488F-A849-BDC632492DB7}"
EndProject
Project("{FAE04EC0-301F-11D3-BF4B-00C04F79EFBC}") = "Tiuiu.SikachevaEA.Sprint6.Task0.V6.Test", "Tiuiu.SikachevaEA.Sprint6.Task0.V6.Test\Tiuiu.SikachevaEA.Sprint6.Task0.V6.Test.csproj", "{AA5336B3-33F1-4E8B-B550-ECCDE14D2E4D}"
EndProject
Project("{FAE04EC0-301F-11D3-BF4B-00C04F79EFBC}") = "Tiuiu.SikachevaEA.Sprint6.Task0.V6", "Tiuiu.SikachevaEA.Sprint6.Task0.V6\Tiuiu.SikachevaEA.Sprint6.Task0.V6.csproj", "{06257AE5-8E19-45D6-8F2D-CBFDFB5D6C21}"
EndProject
Project("{2150E333-8FDC-42A3-9474-1A3956D46DE8}") = "Task1", "Task1", "{29118F9E-83CD-44F7-9807-EF31E4324E8E}"
EndProject
Project("{FAE04EC0-301F-11D3-BF4B-00C04F79EFBC}") = "Tiuiu.SikachevaEA.Sprint6.Task1.V8.Lib", "Tiuiu.SikachevaEA.Sprint6.Task1.V8.Lib\Tiuiu.SikachevaEA.Sprint6.Task1.V8.Lib.csproj", "{746EA448-80F8-482D-8AA9-C2CDBCA0E2DB}"
EndProject
Project("{FAE04EC0-301F-11D3-BF4B-00C04F79EFBC}") = "Tiuiu.SikachevaEA.Sprint6.Task1.V8.Test", "Tiuiu.SikachevaEA.Sprint6.Task1.V8.Test\Tiuiu.SikachevaEA.Sprint6.Task1.V8.Test.csproj", "{E962A5C8-D2D8-4462-8A6C-43E3E8CE35AF}"
EndProject
Project("{FAE04EC0-301F-11D3-BF4B-00C04F79EFBC}") = "Tiuiu.SikachevaEA.Sprint6.Task1.V8", "Tiuiu.SikachevaEA.Sprint6.Task1.V8\Tiuiu.SikachevaEA.Sprint6.Task1.V8.csproj", "{A6A37376-63E1-438F-B29F-4DF93405430A}"
EndProject
Project("{2150E333-8FDC-42A3-9474-1A3956D46DE8}") = "Task2", "Task2", "{D395AEBF-5763-4EDA-A41A-0C18A878D3C0}"
EndProject
Project("{FAE04EC0-301F-11D3-BF4B-00C04F79EFBC}") = "Tiuiu.SikachevaEA.Sprint6.Task2.V11.Lib", "Tiuiu.SikachevaEA.Sprint6.Task2.V11.Lib\Tiuiu.SikachevaEA.Sprint6.Task2.V11.Lib.csproj", "{988C77F5-0055-427D-B290-1E24503D2901}"
EndProject
Project("{FAE04EC0-301F-11D3-BF4B-00C04F79EFBC}") = "Tiuiu.SikachevaEA.Sprint6.Task2.V11.Test", "Tiuiu.SikachevaEA.Sprint6.Task2.V11.Test\Tiuiu.SikachevaEA.Sprint6.Task2.V11.Test.csproj", "{613E1B47-EF42-4824-ADCE-BA330EF35DDF}"
EndProject
Project("{FAE04EC0-301F-11D3-BF4B-00C04F79EFBC}") = "Tiuiu.SikachevaEA.Sprint6.Task2.V11", "Tiuiu.SikachevaEA.Sprint6.Task2.V11\Tiuiu.SikachevaEA.Sprint6.Task2.V11.csproj", "{76AA2F7A-FE3F-43E9-A9D4-DF28AB5E4969}"
EndProject
Project("{2150E333-8FDC-42A3-9474-1A3956D46DE8}") = "Task3", "Task3", "{80A0F2D7-4831-4B32-9E2B-59A26383C4D5}"
EndProject
Project("{FAE04EC0-301F-11D3-BF4B-00C04F79EFBC}") = "Tiuiu.SikachevaEA.Sprint6.Task3.V4.Lib", "Tiuiu.SikachevaEA.Sprint6.Task3.V4.Lib\Tiuiu.SikachevaEA.Sprint6.Task3.V4.Lib.csproj", "{74D11354-04EC-4864-9A3D-E21524741533}"
EndProject
Project("{FAE04EC0-301F-11D3-BF4B-00C04F79EFBC}") = "Tiuiu.SikachevaEA.Sprint6.Task3.V4.Test", "Tiuiu.SikachevaEA.Sprint6.Task3.V4.Test\Tiuiu.SikachevaEA.Sprint6.Task3.V4.Test.csproj", "{71421006-1183-49DB-8457-EF41CA4CB93E}"
EndProject
Project("{FAE04EC0-301F-11D3-BF4B-00C04F79EFBC}") = "Tiuiu.SikachevaEA.Sprint6.Task3.V4", "Tiuiu.SikachevaEA.Sprint6.Task3.V4\Tiuiu.SikachevaEA.Sprint6.Task3.V4.csproj", "{D8788ACE-5ADB-4744-980B-4C290AB17784}"
EndProject
Project("{2150E333-8FDC-42A3-9474-1A3956D46DE8}") = "Task4", "Task4", "{99608742-B6F6-4EDB-A2B8-07F5F49783F9}"
EndProject
Project("{FAE04EC0-301F-11D3-BF4B-00C04F79EFBC}") = "Tiuiu.SikachevaEA.Sprint6.Task4.V23.Lib", "Tiuiu.SikachevaEA.Sprint6.Task4.V23.Lib\Tiuiu.SikachevaEA.Sprint6.Task4.V23.Lib.csproj", "{7A76FED3-F936-4D1D-9768-85DF48173B6D}"
EndProject
Project("{FAE04EC0-301F-11D3-BF4B-00C04F79EFBC}") = "Tiuiu.SikachevaEA.Sprint6.Task4.V23.Test", "Tiuiu.SikachevaEA.Sprint6.Task4.V23.Test\Tiuiu.SikachevaEA.Sprint6.Task4.V23.Test.csproj", "{7C17AAEB-D6FC-49F3-AB4D-27E328FD331C}"
EndProject
Project("{FAE04EC0-301F-11D3-BF4B-00C04F79EFBC}") = "Tiuiu.SikachevaEA.Sprint6.Task4.V23", "Tiuiu.SikachevaEA.Sprint6.Task4.V23\Tiuiu.SikachevaEA.Sprint6.Task4.V23.csproj", "{4C33D0DB-A0F2-4325-8A63-F4D272EA1278}"
EndProject
Project("{2150E333-8FDC-42A3-9474-1A3956D46DE8}") = "Task5", "Task5", "{CFF2D86F-05BB-4711-852B-5F59449DF28C}"
EndProject
Project("{FAE04EC0-301F-11D3-BF4B-00C04F79EFBC}") = "Tiuiu.SikachevaEA.Sprint6.Task5.V17.Lib", "Tiuiu.SikachevaEA.Sprint6.Task5.V17.Lib\Tiuiu.SikachevaEA.Sprint6.Task5.V17.Lib.csproj", "{9C13F110-D379-4E3F-8FB9-04352BAA537D}"
EndProject
Project("{FAE04EC0-301F-11D3-BF4B-00C04F79EFBC}") = "Tiuiu.SikachevaEA.Sprint6.Task5.V17.Test", "Tiuiu.SikachevaEA.Sprint6.Task5.V17.Test\Tiuiu.SikachevaEA.Sprint6.Task5.V17.Test.csproj", "{909A399E-CBD0-4345-9502-11E0B2D0E643}"
EndProject
Project("{FAE04EC0-301F-11D3-BF4B-00C04F79EFBC}") = "Tiuiu.SikachevaEA.Sprint6.Task5.V17", "Tiuiu.SikachevaEA.Sprint6.Task5.V17\Tiuiu.SikachevaEA.Sprint6.Task5.V17.csproj", "{23F78EE1-FE98-4DF2-BCF5-64CE62A46910}"
EndProject
Project("{2150E333-8FDC-42A3-9474-1A3956D46DE8}") = "Task6", "Task6", "{ACBE6EC2-0A7B-483E-A5CF-7F5BCBF8639C}"
EndProject
Project("{FAE04EC0-301F-11D3-BF4B-00C04F79EFBC}") = "Tiuiu.SikachevaEA.Sprint6.Task6.V13.Lib", "Tiuiu.SikachevaEA.Sprint6.Task6.V13.Lib\Tiuiu.SikachevaEA.Sprint6.Task6.V13.Lib.csproj", "{F58F48B7-2CA3-42DF-9345-EE48096A4BA6}"
EndProject
Project("{FAE04EC0-301F-11D3-BF4B-00C04F79EFBC}") = "Tiuiu.SikachevaEA.Sprint6.Task6.V13.Test", "Tiuiu.SikachevaEA.Sprint6.Task6.V13.Test\Tiuiu.SikachevaEA.Sprint6.Task6.V13.Test.csproj", "{D53F21FD-AD42-467F-8A91-808661C23FA4}"
EndProject
Project("{FAE04EC0-301F-11D3-BF4B-00C04F79EFBC}") = "Tiuiu.SikachevaEA.Sprint6.Task6.V13", "Tiuiu.SikachevaEA.Sprint6.Task6.V13\Tiuiu.SikachevaEA.Sprint6.Task6.V13.csproj", "{D468C793-EF2D-4E6B-BF1A-C77893CEF331}"
EndProject
Global
	GlobalSection(SolutionConfigurationPlatforms) = preSolution
		Debug|Any CPU = Debug|Any CPU
		Release|Any CPU = Release|Any CPU
	EndGlobalSection
	GlobalSection(ProjectConfigurationPlatforms) = postSolution
		{EB1ADB96-4891-488F-A849-BDC632492DB7}.Debug|Any CPU.ActiveCfg = Debug|Any CPU
		{EB1ADB96-4891-488F-A849-BDC632492DB7}.Debug|Any CPU.Build.0 = Debug|Any CPU
		{EB1ADB96-4891-488F-A849-BDC632492DB7}.Release|Any CPU.ActiveCfg = Release|Any CPU
		{EB1ADB96-4891-488F-A849-BDC632492DB7}.Release|Any CPU.Build.0 = Release|Any CPU
		{AA5336B3-33F1-4E8B-B550-ECCDE14D2E4D}.Debug|Any CPU.ActiveCfg = Debug|Any CPU
		{AA5336B3-33F1-4E8B-B550-ECCDE14D2E4D}.Debug|Any CPU.Build.0 = Debug|Any CPU
		{AA5336B3-33F1-4E8B-B550-ECCDE14D2E4D}.Release|Any CPU.ActiveCfg = Release|Any CPU
		{AA5336B3-33F1-4E8B-B550-ECCDE14D2E4D}.Release|Any CPU.Build.0 = Release|Any CPU
		{06257AE5-8E19-45D6-8F2D-CBFDFB5D6C21}.Debug|Any CPU.ActiveCfg = Debug|Any CPU
		{06257AE5-8E19-45D6-8F2D-CBFDFB5D6C21}.Debug|Any CPU.Build.0 = Debug|Any CPU
		{06257AE5-8E19-45D6-8F2D-CBFDFB5D6C21}.Release|Any CPU.ActiveCfg = Release|Any CPU
		{06257AE5-8E19-45D6-8F2D-CBFDFB5D6C21}.Release|Any CPU.Build.0 = Release|Any CPU
		{746EA448-80F8-482D-8AA9-C2CDBCA0E2DB}.Debug|Any CPU.ActiveCfg = Debug|Any CPU
		{746EA448-80F8-482D-8AA9-C2CDBCA0E2DB}.Debug|Any CPU.Build.0 = Debug|Any CPU
		{746EA448-80F8-482D-8AA9-C2CDBCA0E2DB}.Release|Any CPU.ActiveCfg = Release|Any CPU
		{746EA448-80F8-482D-8AA9-C2CDBCA0E2DB}.Release|Any CPU.Build.0 = Release|Any CPU
		{E962A5C8-D2D8-4462-8A6C-43E3E8CE35AF}.Debug|Any CPU.ActiveCfg = Debug|Any CPU
		{E962A5C8-D2D8-4462-8A6C-43E3E8CE35AF}.Debug|Any CPU.Build.0 = Debug|Any CPU
		{E962A5C8-D2D8-4462-8A6C-43E3E8CE35AF}.Release|Any CPU.ActiveCfg = Release|Any CPU
		{E962A5C8-D2D8-4462-8A6C-43E3E8CE35AF}.Release|Any CPU.Build.0 = Release|Any CPU
		{A6A37376-63E1-438F-B29F-4DF93405430A}.Debug|Any CPU.ActiveCfg = Debug|Any CPU
		{A6A37376-63E1-438F-B29F-4DF93405430A}.Debug|Any CPU.Build.0 = Debug|Any CPU
		{A6A37376-63E1-438F-B29F-4DF93405430A}.Release|Any CPU.ActiveCfg = Release|Any CPU
		{A6A37376-63E1-438F-B29F-4DF93405430A}.Release|Any CPU.Build.0 = Release|Any CPU
		{988C77F5-0055-427D-B290-1E24503D2901}.Debug|Any CPU.ActiveCfg = Debug|Any CPU
		{988C77F5-0055-427D-B290-1E24503D2901}.Debug|Any CPU.Build.0 = Debug|Any CPU
		{988C77F5-0055-427D-B290-1E24503D2901}.Release|Any CPU.ActiveCfg = Release|Any CPU
		{988C77F5-0055-427D-B290-1E24503D2901}.Release|Any CPU.Build.0 = Release|Any CPU
		{613E1B47-EF42-4824-ADCE-BA330EF35DDF}.Debug|Any CPU.ActiveCfg = Debug|Any CPU
		{613E1B47-EF42-4824-ADCE-BA330EF35DDF}.Debug|Any CPU.Build.0 = Debug|Any CPU
		{613E1B47-EF42-4824-ADCE-BA330EF35DDF}.Release|Any CPU.ActiveCfg = Release|Any CPU
		{613E1B47-EF42-4824-ADCE-BA330EF35DDF}.Release|Any CPU.Build.0 = Release|Any CPU
		{76AA2F7A-FE3F-43E9-A9D4-DF28AB5E4969}.Debug|Any CPU.ActiveCfg = Debug|Any CPU
		{76AA2F7A-FE3F-43E9-A9D4-DF28AB5E4969}.Debug|Any CPU.Build.0 = Debug|Any CPU
		{76AA2F7A-FE3F-43E9-A9D4-DF28AB5E4969}.Release|Any CPU.ActiveCfg = Release|Any CPU
		{76AA2F7A-FE3F-43E9-A9D4-DF28AB5E4969}.Release|Any CPU.Build.0 = Release|Any CPU
		{74D11354-04EC-4864-9A3D-E21524741533}.Debug|Any CPU.ActiveCfg = Debug|Any CPU
		{74D11354-04EC-4864-9A3D-E21524741533}.Debug|Any CPU.Build.0 = Debug|Any CPU
		{74D11354-04EC-4864-9A3D-E21524741533}.Release|Any CPU.ActiveCfg = Release|Any CPU
		{74D11354-04EC-4864-9A3D-E21524741533}.Release|Any CPU.Build.0 = Release|Any CPU
		{71421006-1183-49DB-8457-EF41CA4CB93E}.Debug|Any CPU.ActiveCfg = Debug|Any CPU
		{71421006-1183-49DB-8457-EF41CA4CB93E}.Debug|Any CPU.Build.0 = Debug|Any CPU
		{71421006-1183-49DB-8457-EF41CA4CB93E}.Release|Any CPU.ActiveCfg = Release|Any CPU
		{71421006-1183-49DB-8457-EF41CA4CB93E}.Release|Any CPU.Build.0 = Release|Any CPU
		{D8788ACE-5ADB-4744-980B-4C290AB17784}.Debug|Any CPU.ActiveCfg = Debug|Any CPU
		{D8788ACE-5ADB-4744-980B-4C290AB17784}.Debug|Any CPU.Build.0 = Debug|Any CPU
		{D8788ACE-5ADB-4744-980B-4C290AB17784}.Release|Any CPU.ActiveCfg = Release|Any CPU
		{D8788ACE-5ADB-4744-980B-4C290AB17784}.Release|Any CPU.Build.0 = Release|Any CPU
		{7A76FED3-F936-4D1D-9768-85DF48173B6D}.Debug|Any CPU.ActiveCfg = Debug|Any CPU
		{7A76FED3-F936-4D1D-9768-85DF48173B6D}.Debug|Any CPU.Build.0 = Debug|Any CPU
		{7A76FED3-F936-4D1D-9768-85DF48173B6D}.Release|Any CPU.ActiveCfg = Release|Any CPU
		{7A76FED3-F936-4D1D-9768-85DF48173B6D}.Release|Any CPU.Build.0 = Release|Any CPU
		{7C17AAEB-D6FC-49F3-AB4D-27E328FD331C}.Debug|Any CPU.ActiveCfg = Debug|Any CPU
		{7C17AAEB-D6FC-49F3-AB4D-27E328FD331C}.Debug|Any CPU.Build.0 = Debug|Any CPU
		{7C17AAEB-D6FC-49F3-AB4D-27E328FD331C}.Release|Any CPU.ActiveCfg = Release|Any CPU
		{7C17AAEB-D6FC-49F3-AB4D-27E328FD331C}.Release|Any CPU.Build.0 = Release|Any CPU
		{4C33D0DB-A0F2-4325-8A63-F4D272EA1278}.Debug|Any CPU.ActiveCfg = Debug|Any CPU
		{4C33D0DB-A0F2-4325-8A63-F4D272EA1278}.Debug|Any CPU.Build.0 = Debug|Any CPU
		{4C33D0DB-A0F2-4325-8A63-F4D272EA1278}.Release|Any CPU.ActiveCfg = Release|Any CPU
		{4C33D0DB-A0F2-4325-8A63-F4D272EA1278}.Release|Any CPU.Build.0 = Release|Any CPU
		{9C13F110-D379-4E3F-8FB9-04352BAA537D}.Debug|Any CPU.ActiveCfg = Debug|Any CPU
		{9C13F110-D379-4E3F-8FB9-04352BAA537D}.Debug|Any CPU.Build.0 = Debug|Any CPU
		{9C13F110-D379-4E3F-8FB9-04352BAA537D}.Release|Any CPU.ActiveCfg = Release|Any CPU
		{9C13F110-D379-4E3F-8FB9-04352BAA537D}.Release|Any CPU.Build.0 = Release|Any CPU
		{909A399E-CBD0-4345-9502-11E0B2D0E643}.Debug|Any CPU.ActiveCfg = Debug|Any CPU
		{909A399E-CBD0-4345-9502-11E0B2D0E643}.Debug|Any CPU.Build.0 = Debug|Any CPU
		{909A399E-CBD0-4345-9502-11E0B2D0E643}.Release|Any CPU.ActiveCfg = Release|Any CPU
		{909A399E-CBD0-4345-9502-11E0B2D0E643}.Release|Any CPU.Build.0 = Release|Any CPU
		{23F78EE1-FE98-4DF2-BCF5-64CE62A46910}.Debug|Any CPU.ActiveCfg = Debug|Any CPU
		{23F78EE1-FE98-4DF2-BCF5-64CE62A46910}.Debug|Any CPU.Build.0 = Debug|Any CPU
		{23F78EE1-FE98-4DF2-BCF5-64CE62A46910}.Release|Any CPU.ActiveCfg = Release|Any CPU
		{23F78EE1-FE98-4DF2-BCF5-64CE62A46910}.Release|Any CPU.Build.0 = Release|Any CPU
		{F58F48B7-2CA3-42DF-9345-EE48096A4BA6}.Debug|Any CPU.ActiveCfg = Debug|Any CPU
		{F58F48B7-2CA3-42DF-9345-EE48096A4BA6}.Debug|Any CPU.Build.0 = Debug|Any CPU
		{F58F48B7-2CA3-42DF-9345-EE48096A4BA6}.Release|Any CPU.ActiveCfg = Release|Any CPU
		{F58F48B7-2CA3-42DF-9345-EE48096A4BA6}.Release|Any CPU.Build.0 = Release|Any CPU
		{D53F21FD-AD42-467F-8A91-808661C23FA4}.Debug|Any CPU.ActiveCfg = Debug|Any CPU
		{D53F21FD-AD42-467F-8A91-808661C23FA4}.Debug|Any CPU.Build.0 = Debug|Any CPU
		{D53F21FD-AD42-467F-8A91-808661C23FA4}.Release|Any CPU.ActiveCfg = Release|Any CPU
		{D53F21FD-AD42-467F-8A91-808661C23FA4}.Release|Any CPU.Build.0 = Release|Any CPU
		{D468C793-EF2D-4E6B-BF1A-C77893CEF331}.Debug|Any CPU.ActiveCfg = Debug|Any CPU
		{D468C793-EF2D-4E6B-BF1A-C77893CEF331}.Debug|Any CPU.Build.0 = Debug|Any CPU
		{D468C793-EF2D-4E6B-BF1A-C77893CEF331}.Release|Any CPU.ActiveCfg = Release|Any CPU
		{D468C793-EF2D-4E6B-BF1A-C77893CEF331}.Release|Any CPU.Build.0 = Release|Any CPU
	EndGlobalSection
	GlobalSection(SolutionProperties) = preSolution
		HideSolutionNode = FALSE
	EndGlobalSection
	GlobalSection(NestedProjects) = preSolution
		{EB1ADB96-4891-488F-A849-BDC632492DB7} = {305E408D-F11D-437A-87C7-DFE82739262F}
		{AA5336B3-33F1-4E8B-B550-ECCDE14D2E4D} = {305E408D-F11D-437A-87C7-DFE82739262F}
		{06257AE5-8E19-45D6-8F2D-CBFDFB5D6C21} = {305E408D-F11D-437A-87C7-DFE82739262F}
		{746EA448-80F8-482D-8AA9-C2CDBCA0E2DB} = {29118F9E-83CD-44F7-9807-EF31E4324E8E}
		{E962A5C8-D2D8-4462-8A6C-43E3E8CE35AF} = {29118F9E-83CD-44F7-9807-EF31E4324E8E}
		{A6A37376-63E1-438F-B29F-4DF93405430A} = {29118F9E-83CD-44F7-9807-EF31E4324E8E}
		{988C77F5-0055-427D-B290-1E24503D2901} = {D395AEBF-5763-4EDA-A41A-0C18A878D3C0}
		{613E1B47-EF42-4824-ADCE-BA330EF35DDF} = {D395AEBF-5763-4EDA-A41A-0C18A878D3C0}
		{76AA2F7A-FE3F-43E9-A9D4-DF28AB5E4969} = {D395AEBF-5763-4EDA-A41A-0C18A878D3C0}
		{74D11354-04EC-4864-9A3D-E21524741533} = {80A0F2D7-4831-4B32-9E2B-59A26383C4D5}
		{71421006-1183-49DB-8457-EF41CA4CB93E} = {80A0F2D7-4831-4B32-9E2B-59A26383C4D5}
		{D8788ACE-5ADB-4744-980B-4C290AB17784} = {80A0F2D7-4831-4B32-9E2B-59A26383C4D5}
		{7A76FED3-F936-4D1D-9768-85DF48173B6D} = {99608742-B6F6-4EDB-A2B8-07F5F49783F9}
		{7C17AAEB-D6FC-49F3-AB4D-27E328FD331C} = {99608742-B6F6-4EDB-A2B8-07F5F49783F9}
		{4C33D0DB-A0F2-4325-8A63-F4D272EA1278} = {99608742-B6F6-4EDB-A2B8-07F5F49783F9}
		{9C13F110-D379-4E3F-8FB9-04352BAA537D} = {CFF2D86F-05BB-4711-852B-5F59449DF28C}
		{909A399E-CBD0-4345-9502-11E0B2D0E643} = {CFF2D86F-05BB-4711-852B-5F59449DF28C}
		{23F78EE1-FE98-4DF2-BCF5-64CE62A46910} = {CFF2D86F-05BB-4711-852B-5F59449DF28C}
		{F58F48B7-2CA3-42DF-9345-EE48096A4BA6} = {ACBE6EC2-0A7B-483E-A5CF-7F5BCBF8639C}
		{D53F21FD-AD42-467F-8A91-808661C23FA4} = {ACBE6EC2-0A7B-483E-A5CF-7F5BCBF8639C}
		{D468C793-EF2D-4E6B-BF1A-C77893CEF331} = {ACBE6EC2-0A7B-483E-A5CF-7F5BCBF8639C}
	EndGlobalSection
	GlobalSection(ExtensibilityGlobals) = postSolution
		SolutionGuid = {72474BE7-A754-4EE9-B2AF-5FE0EF410C62}
	EndGlobalSection
EndGlobal
